
Microsoft Visual Studio Solution File, Format Version 12.00
Project("{FAE04EC0-301F-11D3-BF4B-00C04F79EFBC}") = "Ecomm.Domain", "Ecomm.Domain\Ecomm.Domain.csproj", "{210A196F-8DDA-4EBB-8712-7367E11CCB77}"
EndProject
Project("{FAE04EC0-301F-11D3-BF4B-00C04F79EFBC}") = "Ecomm.Application", "Ecomm.Application\Ecomm.Application.csproj", "{ED232090-C454-4799-B72A-D52794288EC4}"
EndProject
Project("{FAE04EC0-301F-11D3-BF4B-00C04F79EFBC}") = "Ecomm.Infrastructure", "Ecomm.Infrastructure\Ecomm.Infrastructure.csproj", "{32B5F226-6409-449B-87C5-25A813A56F0D}"
EndProject
Project("{FAE04EC0-301F-11D3-BF4B-00C04F79EFBC}") = "Ecomm.Api", "Ecomm.Api\Ecomm.Api.csproj", "{D3EAD5BC-CFE7-4530-BD1A-8B08C30ECE8F}"
EndProject
Project("{FAE04EC0-301F-11D3-BF4B-00C04F79EFBC}") = "Ecomm.Tests", "Ecomm.Tests\Ecomm.Tests.csproj", "{EA69532A-8653-4BD3-8180-251C05A61250}"
EndProject
Global
	GlobalSection(SolutionConfigurationPlatforms) = preSolution
		Debug|Any CPU = Debug|Any CPU
		Release|Any CPU = Release|Any CPU
	EndGlobalSection
	GlobalSection(ProjectConfigurationPlatforms) = postSolution
		{210A196F-8DDA-4EBB-8712-7367E11CCB77}.Debug|Any CPU.ActiveCfg = Debug|Any CPU
		{210A196F-8DDA-4EBB-8712-7367E11CCB77}.Debug|Any CPU.Build.0 = Debug|Any CPU
		{210A196F-8DDA-4EBB-8712-7367E11CCB77}.Release|Any CPU.ActiveCfg = Release|Any CPU
		{210A196F-8DDA-4EBB-8712-7367E11CCB77}.Release|Any CPU.Build.0 = Release|Any CPU
		{ED232090-C454-4799-B72A-D52794288EC4}.Debug|Any CPU.ActiveCfg = Debug|Any CPU
		{ED232090-C454-4799-B72A-D52794288EC4}.Debug|Any CPU.Build.0 = Debug|Any CPU
		{ED232090-C454-4799-B72A-D52794288EC4}.Release|Any CPU.ActiveCfg = Release|Any CPU
		{ED232090-C454-4799-B72A-D52794288EC4}.Release|Any CPU.Build.0 = Release|Any CPU
		{32B5F226-6409-449B-87C5-25A813A56F0D}.Debug|Any CPU.ActiveCfg = Debug|Any CPU
		{32B5F226-6409-449B-87C5-25A813A56F0D}.Debug|Any CPU.Build.0 = Debug|Any CPU
		{32B5F226-6409-449B-87C5-25A813A56F0D}.Release|Any CPU.ActiveCfg = Release|Any CPU
		{32B5F226-6409-449B-87C5-25A813A56F0D}.Release|Any CPU.Build.0 = Release|Any CPU
		{D3EAD5BC-CFE7-4530-BD1A-8B08C30ECE8F}.Debug|Any CPU.ActiveCfg = Debug|Any CPU
		{D3EAD5BC-CFE7-4530-BD1A-8B08C30ECE8F}.Debug|Any CPU.Build.0 = Debug|Any CPU
		{D3EAD5BC-CFE7-4530-BD1A-8B08C30ECE8F}.Release|Any CPU.ActiveCfg = Release|Any CPU
		{D3EAD5BC-CFE7-4530-BD1A-8B08C30ECE8F}.Release|Any CPU.Build.0 = Release|Any CPU
		{EA69532A-8653-4BD3-8180-251C05A61250}.Debug|Any CPU.ActiveCfg = Debug|Any CPU
		{EA69532A-8653-4BD3-8180-251C05A61250}.Debug|Any CPU.Build.0 = Debug|Any CPU
		{EA69532A-8653-4BD3-8180-251C05A61250}.Release|Any CPU.ActiveCfg = Release|Any CPU
		{EA69532A-8653-4BD3-8180-251C05A61250}.Release|Any CPU.Build.0 = Release|Any CPU
	EndGlobalSection
EndGlobal
